// !$*UTF8*$!
{
	archiveVersion = 1;
	classes = {
	};
	objectVersion = 52;
	objects = {

/* Begin PBXBuildFile section */
		651ADA91255AED1C005E2D91 /* PIXAdManagerAdapterAdMob.m in Sources */ = {isa = PBXBuildFile; fileRef = 651ADA90255AED1C005E2D91 /* PIXAdManagerAdapterAdMob.m */; };
		65376AFB268888E50020F73C /* FirstViewController.m in Sources */ = {isa = PBXBuildFile; fileRef = 65376AFA268888E50020F73C /* FirstViewController.m */; };
		6552D33C2556DA9F00C71EA2 /* PIXAdManagerAdapterMoPub.m in Sources */ = {isa = PBXBuildFile; fileRef = 6552D33B2556DA9F00C71EA2 /* PIXAdManagerAdapterMoPub.m */; };
		6555E999277803900015F1D5 /* MoPubAdapter.xcframework in Frameworks */ = {isa = PBXBuildFile; fileRef = 6555E998277803900015F1D5 /* MoPubAdapter.xcframework */; };
		6555E99B277803970015F1D5 /* FacebookAdapter.xcframework in Frameworks */ = {isa = PBXBuildFile; fileRef = 6555E99A277803970015F1D5 /* FacebookAdapter.xcframework */; };
		6555E99D2778039F0015F1D5 /* AdColonyAdapter.xcframework in Frameworks */ = {isa = PBXBuildFile; fileRef = 6555E99C2778039F0015F1D5 /* AdColonyAdapter.xcframework */; };
		65AA414F27780774002FB69C /* AppLovinSDKResources.bundle in Resources */ = {isa = PBXBuildFile; fileRef = 65AA413D27780773002FB69C /* AppLovinSDKResources.bundle */; };
		65AA415D27780AB1002FB69C /* PIXAdManagerAdapterAppLovin.m in Sources */ = {isa = PBXBuildFile; fileRef = 65AA415C27780AB1002FB69C /* PIXAdManagerAdapterAppLovin.m */; };
		65B2A81D2778015200022C02 /* MoPubSDK.xcframework in Frameworks */ = {isa = PBXBuildFile; fileRef = 65B2A81B2778015200022C02 /* MoPubSDK.xcframework */; };
		65B2A81E2778015200022C02 /* OMSDK_Mopub.xcframework in Frameworks */ = {isa = PBXBuildFile; fileRef = 65B2A81C2778015200022C02 /* OMSDK_Mopub.xcframework */; };
		65B2A8272778015C00022C02 /* nanopb.xcframework in Frameworks */ = {isa = PBXBuildFile; fileRef = 65B2A81F2778015C00022C02 /* nanopb.xcframework */; };
		65B2A8282778015C00022C02 /* GoogleUtilities.xcframework in Frameworks */ = {isa = PBXBuildFile; fileRef = 65B2A8202778015C00022C02 /* GoogleUtilities.xcframework */; };
		65B2A8292778015C00022C02 /* GoogleAppMeasurementIdentitySupport.xcframework in Frameworks */ = {isa = PBXBuildFile; fileRef = 65B2A8212778015C00022C02 /* GoogleAppMeasurementIdentitySupport.xcframework */; };
		65B2A82A2778015C00022C02 /* GoogleDataTransport.xcframework in Frameworks */ = {isa = PBXBuildFile; fileRef = 65B2A8222778015C00022C02 /* GoogleDataTransport.xcframework */; };
		65B2A82B2778015C00022C02 /* GoogleMobileAds.xcframework in Frameworks */ = {isa = PBXBuildFile; fileRef = 65B2A8232778015C00022C02 /* GoogleMobileAds.xcframework */; };
		65B2A82C2778015C00022C02 /* PromisesObjC.xcframework in Frameworks */ = {isa = PBXBuildFile; fileRef = 65B2A8242778015C00022C02 /* PromisesObjC.xcframework */; };
		65B2A82D2778015C00022C02 /* UserMessagingPlatform.xcframework in Frameworks */ = {isa = PBXBuildFile; fileRef = 65B2A8252778015C00022C02 /* UserMessagingPlatform.xcframework */; };
		65B2A82E2778015C00022C02 /* GoogleAppMeasurement.xcframework in Frameworks */ = {isa = PBXBuildFile; fileRef = 65B2A8262778015C00022C02 /* GoogleAppMeasurement.xcframework */; };
		65B2A8312778016400022C02 /* FBAudienceNetwork.xcframework in Frameworks */ = {isa = PBXBuildFile; fileRef = 65B2A82F2778016400022C02 /* FBAudienceNetwork.xcframework */; };
		65B2A8322778016400022C02 /* FBSDKCoreKit_Basics.xcframework in Frameworks */ = {isa = PBXBuildFile; fileRef = 65B2A8302778016400022C02 /* FBSDKCoreKit_Basics.xcframework */; };
		65B2A8342778016E00022C02 /* AppLovinSDK.xcframework in Frameworks */ = {isa = PBXBuildFile; fileRef = 65B2A8332778016E00022C02 /* AppLovinSDK.xcframework */; };
		65B2A8362778018100022C02 /* AdColony.xcframework in Frameworks */ = {isa = PBXBuildFile; fileRef = 65B2A8352778018100022C02 /* AdColony.xcframework */; };
		65DF3FC8263CAEEA002D2746 /* AdColonyController.m in Sources */ = {isa = PBXBuildFile; fileRef = 65DF3F87263CAEEA002D2746 /* AdColonyController.m */; };
		65DF3FC9263CAEEA002D2746 /* AdColonyRewardedVideoCustomEvent.m in Sources */ = {isa = PBXBuildFile; fileRef = 65DF3F89263CAEEA002D2746 /* AdColonyRewardedVideoCustomEvent.m */; };
		65DF3FCA263CAEEA002D2746 /* AdColonyAdapterConfiguration.m in Sources */ = {isa = PBXBuildFile; fileRef = 65DF3F8B263CAEEA002D2746 /* AdColonyAdapterConfiguration.m */; };
		65DF3FCB263CAEEA002D2746 /* AdColonyInstanceMediationSettings.m in Sources */ = {isa = PBXBuildFile; fileRef = 65DF3F8F263CAEEA002D2746 /* AdColonyInstanceMediationSettings.m */; };
		65DF3FCC263CAEEA002D2746 /* AdColonyInterstitialCustomEvent.m in Sources */ = {isa = PBXBuildFile; fileRef = 65DF3F91263CAEEA002D2746 /* AdColonyInterstitialCustomEvent.m */; };
		65DF3FCD263CAEEA002D2746 /* AdColonyBannerCustomEvent.m in Sources */ = {isa = PBXBuildFile; fileRef = 65DF3F92263CAEEA002D2746 /* AdColonyBannerCustomEvent.m */; };
		65DF3FCE263CAEEA002D2746 /* AdColonyGlobalMediationSettings.m in Sources */ = {isa = PBXBuildFile; fileRef = 65DF3F93263CAEEA002D2746 /* AdColonyGlobalMediationSettings.m */; };
		65DF3FCF263CAEEA002D2746 /* MPGoogleAdMobNativeAdAdapter.m in Sources */ = {isa = PBXBuildFile; fileRef = 65DF3F97263CAEEA002D2746 /* MPGoogleAdMobNativeAdAdapter.m */; };
		65DF3FD0263CAEEA002D2746 /* MPGoogleAdMobNativeCustomEvent.m in Sources */ = {isa = PBXBuildFile; fileRef = 65DF3F98263CAEEA002D2746 /* MPGoogleAdMobNativeCustomEvent.m */; };
		65DF3FD1263CAEEA002D2746 /* MPGoogleAdMobRewardedVideoCustomEvent.m in Sources */ = {isa = PBXBuildFile; fileRef = 65DF3F9C263CAEEA002D2746 /* MPGoogleAdMobRewardedVideoCustomEvent.m */; };
		65DF3FD2263CAEEA002D2746 /* MPGoogleGlobalMediationSettings.m in Sources */ = {isa = PBXBuildFile; fileRef = 65DF3F9D263CAEEA002D2746 /* MPGoogleGlobalMediationSettings.m */; };
		65DF3FD3263CAEEA002D2746 /* MPGoogleAdMobBannerCustomEvent.m in Sources */ = {isa = PBXBuildFile; fileRef = 65DF3F9F263CAEEA002D2746 /* MPGoogleAdMobBannerCustomEvent.m */; };
		65DF3FD4263CAEEA002D2746 /* GoogleAdMobAdapterConfiguration.m in Sources */ = {isa = PBXBuildFile; fileRef = 65DF3FA2263CAEEA002D2746 /* GoogleAdMobAdapterConfiguration.m */; };
		65DF3FD5263CAEEA002D2746 /* MPGoogleAdMobNativeRenderer.m in Sources */ = {isa = PBXBuildFile; fileRef = 65DF3FA3263CAEEA002D2746 /* MPGoogleAdMobNativeRenderer.m */; };
		65DF3FD6263CAEEA002D2746 /* UIView+MPGoogleAdMobAdditions.m in Sources */ = {isa = PBXBuildFile; fileRef = 65DF3FA4263CAEEA002D2746 /* UIView+MPGoogleAdMobAdditions.m */; };
		65DF3FD7263CAEEA002D2746 /* MPGoogleAdMobInterstitialCustomEvent.m in Sources */ = {isa = PBXBuildFile; fileRef = 65DF3FA5263CAEEA002D2746 /* MPGoogleAdMobInterstitialCustomEvent.m */; };
		65DF3FD8263CAEEA002D2746 /* FacebookNativeCustomEvent.m in Sources */ = {isa = PBXBuildFile; fileRef = 65DF3FAA263CAEEA002D2746 /* FacebookNativeCustomEvent.m */; };
		65DF3FD9263CAEEA002D2746 /* FacebookInterstitialCustomEvent.m in Sources */ = {isa = PBXBuildFile; fileRef = 65DF3FAB263CAEEA002D2746 /* FacebookInterstitialCustomEvent.m */; };
		65DF3FDA263CAEEA002D2746 /* FacebookRewardedVideoCustomEvent.m in Sources */ = {isa = PBXBuildFile; fileRef = 65DF3FAD263CAEEA002D2746 /* FacebookRewardedVideoCustomEvent.m */; };
		65DF3FDB263CAEEA002D2746 /* FacebookNativeAdAdapter.m in Sources */ = {isa = PBXBuildFile; fileRef = 65DF3FAE263CAEEA002D2746 /* FacebookNativeAdAdapter.m */; };
		65DF3FDC263CAEEA002D2746 /* FacebookAdapterConfiguration.m in Sources */ = {isa = PBXBuildFile; fileRef = 65DF3FB2263CAEEA002D2746 /* FacebookAdapterConfiguration.m */; };
		65DF3FDD263CAEEA002D2746 /* FacebookBannerCustomEvent.m in Sources */ = {isa = PBXBuildFile; fileRef = 65DF3FB3263CAEEA002D2746 /* FacebookBannerCustomEvent.m */; };
		65DF3FDE263CAEEA002D2746 /* FacebookNativeAdRenderer.m in Sources */ = {isa = PBXBuildFile; fileRef = 65DF3FB6263CAEEA002D2746 /* FacebookNativeAdRenderer.m */; };
		65F3CAE520535349009A3C86 /* AppDelegate.m in Sources */ = {isa = PBXBuildFile; fileRef = 65F3CAE420535349009A3C86 /* AppDelegate.m */; };
		65F3CAE820535349009A3C86 /* ViewController.m in Sources */ = {isa = PBXBuildFile; fileRef = 65F3CAE720535349009A3C86 /* ViewController.m */; };
		65F3CAEB20535349009A3C86 /* Main.storyboard in Resources */ = {isa = PBXBuildFile; fileRef = 65F3CAE920535349009A3C86 /* Main.storyboard */; };
		65F3CAED20535349009A3C86 /* Assets.xcassets in Resources */ = {isa = PBXBuildFile; fileRef = 65F3CAEC20535349009A3C86 /* Assets.xcassets */; };
		65F3CAF020535349009A3C86 /* LaunchScreen.storyboard in Resources */ = {isa = PBXBuildFile; fileRef = 65F3CAEE20535349009A3C86 /* LaunchScreen.storyboard */; };
		65F3CAF320535349009A3C86 /* main.m in Sources */ = {isa = PBXBuildFile; fileRef = 65F3CAF220535349009A3C86 /* main.m */; };
		65F3CAFC205353E9009A3C86 /* PIXAdManager.m in Sources */ = {isa = PBXBuildFile; fileRef = 65F3CAFB205353E9009A3C86 /* PIXAdManager.m */; };
/* End PBXBuildFile section */

/* Begin PBXCopyFilesBuildPhase section */
		65DF3FFE263CB0B8002D2746 /* Embed Frameworks */ = {
			isa = PBXCopyFilesBuildPhase;
			buildActionMask = 2147483647;
			dstPath = "";
			dstSubfolderSpec = 10;
			files = (
			);
			name = "Embed Frameworks";
			runOnlyForDeploymentPostprocessing = 0;
		};
/* End PBXCopyFilesBuildPhase section */

/* Begin PBXFileReference section */
		651ADA8F255AED1C005E2D91 /* PIXAdManagerAdapterAdMob.h */ = {isa = PBXFileReference; lastKnownFileType = sourcecode.c.h; path = PIXAdManagerAdapterAdMob.h; sourceTree = "<group>"; };
		651ADA90255AED1C005E2D91 /* PIXAdManagerAdapterAdMob.m */ = {isa = PBXFileReference; lastKnownFileType = sourcecode.c.objc; path = PIXAdManagerAdapterAdMob.m; sourceTree = "<group>"; };
		65376AF9268888E50020F73C /* FirstViewController.h */ = {isa = PBXFileReference; lastKnownFileType = sourcecode.c.h; path = FirstViewController.h; sourceTree = "<group>"; };
		65376AFA268888E50020F73C /* FirstViewController.m */ = {isa = PBXFileReference; lastKnownFileType = sourcecode.c.objc; path = FirstViewController.m; sourceTree = "<group>"; };
		6552D3322556B19C00C71EA2 /* PIXAdManagerAdapter.h */ = {isa = PBXFileReference; lastKnownFileType = sourcecode.c.h; path = PIXAdManagerAdapter.h; sourceTree = "<group>"; };
		6552D33A2556DA9F00C71EA2 /* PIXAdManagerAdapterMoPub.h */ = {isa = PBXFileReference; lastKnownFileType = sourcecode.c.h; path = PIXAdManagerAdapterMoPub.h; sourceTree = "<group>"; };
		6552D33B2556DA9F00C71EA2 /* PIXAdManagerAdapterMoPub.m */ = {isa = PBXFileReference; lastKnownFileType = sourcecode.c.objc; path = PIXAdManagerAdapterMoPub.m; sourceTree = "<group>"; };
		6555E998277803900015F1D5 /* MoPubAdapter.xcframework */ = {isa = PBXFileReference; lastKnownFileType = wrapper.xcframework; name = MoPubAdapter.xcframework; path = PIXAdManagerDemo/PIXAdManagerLibs/MediationAdaptersAdMob/MoPub/MoPubAdapter.xcframework; sourceTree = "<group>"; };
		6555E99A277803970015F1D5 /* FacebookAdapter.xcframework */ = {isa = PBXFileReference; lastKnownFileType = wrapper.xcframework; name = FacebookAdapter.xcframework; path = PIXAdManagerDemo/PIXAdManagerLibs/MediationAdaptersAdMob/FacebookAudienceNetwork/FacebookAdapter.xcframework; sourceTree = "<group>"; };
		6555E99C2778039F0015F1D5 /* AdColonyAdapter.xcframework */ = {isa = PBXFileReference; lastKnownFileType = wrapper.xcframework; name = AdColonyAdapter.xcframework; path = PIXAdManagerDemo/PIXAdManagerLibs/MediationAdaptersAdMob/AdColony/AdColonyAdapter.xcframework; sourceTree = "<group>"; };
		65AA413D27780773002FB69C /* AppLovinSDKResources.bundle */ = {isa = PBXFileReference; lastKnownFileType = "wrapper.plug-in"; path = AppLovinSDKResources.bundle; sourceTree = "<group>"; };
		65AA415B27780AB1002FB69C /* PIXAdManagerAdapterAppLovin.h */ = {isa = PBXFileReference; lastKnownFileType = sourcecode.c.h; path = PIXAdManagerAdapterAppLovin.h; sourceTree = "<group>"; };
		65AA415C27780AB1002FB69C /* PIXAdManagerAdapterAppLovin.m */ = {isa = PBXFileReference; lastKnownFileType = sourcecode.c.objc; path = PIXAdManagerAdapterAppLovin.m; sourceTree = "<group>"; };
		65B2A81B2778015200022C02 /* MoPubSDK.xcframework */ = {isa = PBXFileReference; lastKnownFileType = wrapper.xcframework; name = MoPubSDK.xcframework; path = PIXAdManagerDemo/PIXAdManagerLibs/AdNetworkSDKs/MoPubSDK/MoPubSDK.xcframework; sourceTree = "<group>"; };
		65B2A81C2778015200022C02 /* OMSDK_Mopub.xcframework */ = {isa = PBXFileReference; lastKnownFileType = wrapper.xcframework; name = OMSDK_Mopub.xcframework; path = PIXAdManagerDemo/PIXAdManagerLibs/AdNetworkSDKs/MoPubSDK/OMSDK_Mopub.xcframework; sourceTree = "<group>"; };
		65B2A81F2778015C00022C02 /* nanopb.xcframework */ = {isa = PBXFileReference; lastKnownFileType = wrapper.xcframework; name = nanopb.xcframework; path = PIXAdManagerDemo/PIXAdManagerLibs/AdNetworkSDKs/GoogleAdMob/nanopb.xcframework; sourceTree = "<group>"; };
		65B2A8202778015C00022C02 /* GoogleUtilities.xcframework */ = {isa = PBXFileReference; lastKnownFileType = wrapper.xcframework; name = GoogleUtilities.xcframework; path = PIXAdManagerDemo/PIXAdManagerLibs/AdNetworkSDKs/GoogleAdMob/GoogleUtilities.xcframework; sourceTree = "<group>"; };
		65B2A8212778015C00022C02 /* GoogleAppMeasurementIdentitySupport.xcframework */ = {isa = PBXFileReference; lastKnownFileType = wrapper.xcframework; name = GoogleAppMeasurementIdentitySupport.xcframework; path = PIXAdManagerDemo/PIXAdManagerLibs/AdNetworkSDKs/GoogleAdMob/GoogleAppMeasurementIdentitySupport.xcframework; sourceTree = "<group>"; };
		65B2A8222778015C00022C02 /* GoogleDataTransport.xcframework */ = {isa = PBXFileReference; lastKnownFileType = wrapper.xcframework; name = GoogleDataTransport.xcframework; path = PIXAdManagerDemo/PIXAdManagerLibs/AdNetworkSDKs/GoogleAdMob/GoogleDataTransport.xcframework; sourceTree = "<group>"; };
		65B2A8232778015C00022C02 /* GoogleMobileAds.xcframework */ = {isa = PBXFileReference; lastKnownFileType = wrapper.xcframework; name = GoogleMobileAds.xcframework; path = PIXAdManagerDemo/PIXAdManagerLibs/AdNetworkSDKs/GoogleAdMob/GoogleMobileAds.xcframework; sourceTree = "<group>"; };
		65B2A8242778015C00022C02 /* PromisesObjC.xcframework */ = {isa = PBXFileReference; lastKnownFileType = wrapper.xcframework; name = PromisesObjC.xcframework; path = PIXAdManagerDemo/PIXAdManagerLibs/AdNetworkSDKs/GoogleAdMob/PromisesObjC.xcframework; sourceTree = "<group>"; };
		65B2A8252778015C00022C02 /* UserMessagingPlatform.xcframework */ = {isa = PBXFileReference; lastKnownFileType = wrapper.xcframework; name = UserMessagingPlatform.xcframework; path = PIXAdManagerDemo/PIXAdManagerLibs/AdNetworkSDKs/GoogleAdMob/UserMessagingPlatform.xcframework; sourceTree = "<group>"; };
		65B2A8262778015C00022C02 /* GoogleAppMeasurement.xcframework */ = {isa = PBXFileReference; lastKnownFileType = wrapper.xcframework; name = GoogleAppMeasurement.xcframework; path = PIXAdManagerDemo/PIXAdManagerLibs/AdNetworkSDKs/GoogleAdMob/GoogleAppMeasurement.xcframework; sourceTree = "<group>"; };
		65B2A82F2778016400022C02 /* FBAudienceNetwork.xcframework */ = {isa = PBXFileReference; lastKnownFileType = wrapper.xcframework; name = FBAudienceNetwork.xcframework; path = PIXAdManagerDemo/PIXAdManagerLibs/AdNetworkSDKs/FacebookAudienceNetwork/FBAudienceNetwork.xcframework; sourceTree = "<group>"; };
		65B2A8302778016400022C02 /* FBSDKCoreKit_Basics.xcframework */ = {isa = PBXFileReference; lastKnownFileType = wrapper.xcframework; name = FBSDKCoreKit_Basics.xcframework; path = PIXAdManagerDemo/PIXAdManagerLibs/AdNetworkSDKs/FacebookAudienceNetwork/FBSDKCoreKit_Basics.xcframework; sourceTree = "<group>"; };
		65B2A8332778016E00022C02 /* AppLovinSDK.xcframework */ = {isa = PBXFileReference; lastKnownFileType = wrapper.xcframework; name = AppLovinSDK.xcframework; path = PIXAdManagerDemo/PIXAdManagerLibs/AdNetworkSDKs/AppLovin/AppLovinSDK.xcframework; sourceTree = "<group>"; };
		65B2A8352778018100022C02 /* AdColony.xcframework */ = {isa = PBXFileReference; lastKnownFileType = wrapper.xcframework; name = AdColony.xcframework; path = PIXAdManagerDemo/PIXAdManagerLibs/AdNetworkSDKs/AdColony/AdColony.xcframework; sourceTree = "<group>"; };
		65DF3F87263CAEEA002D2746 /* AdColonyController.m */ = {isa = PBXFileReference; fileEncoding = 4; lastKnownFileType = sourcecode.c.objc; path = AdColonyController.m; sourceTree = "<group>"; };
		65DF3F88263CAEEA002D2746 /* AdColonyInterstitialCustomEvent.h */ = {isa = PBXFileReference; fileEncoding = 4; lastKnownFileType = sourcecode.c.h; path = AdColonyInterstitialCustomEvent.h; sourceTree = "<group>"; };
		65DF3F89263CAEEA002D2746 /* AdColonyRewardedVideoCustomEvent.m */ = {isa = PBXFileReference; fileEncoding = 4; lastKnownFileType = sourcecode.c.objc; path = AdColonyRewardedVideoCustomEvent.m; sourceTree = "<group>"; };
		65DF3F8A263CAEEA002D2746 /* AdColonyInstanceMediationSettings.h */ = {isa = PBXFileReference; fileEncoding = 4; lastKnownFileType = sourcecode.c.h; path = AdColonyInstanceMediationSettings.h; sourceTree = "<group>"; };
		65DF3F8B263CAEEA002D2746 /* AdColonyAdapterConfiguration.m */ = {isa = PBXFileReference; fileEncoding = 4; lastKnownFileType = sourcecode.c.objc; path = AdColonyAdapterConfiguration.m; sourceTree = "<group>"; };
		65DF3F8C263CAEEA002D2746 /* AdColonyGlobalMediationSettings.h */ = {isa = PBXFileReference; fileEncoding = 4; lastKnownFileType = sourcecode.c.h; path = AdColonyGlobalMediationSettings.h; sourceTree = "<group>"; };
		65DF3F8D263CAEEA002D2746 /* AdColonyBannerCustomEvent.h */ = {isa = PBXFileReference; fileEncoding = 4; lastKnownFileType = sourcecode.c.h; path = AdColonyBannerCustomEvent.h; sourceTree = "<group>"; };
		65DF3F8E263CAEEA002D2746 /* AdColonyController.h */ = {isa = PBXFileReference; fileEncoding = 4; lastKnownFileType = sourcecode.c.h; path = AdColonyController.h; sourceTree = "<group>"; };
		65DF3F8F263CAEEA002D2746 /* AdColonyInstanceMediationSettings.m */ = {isa = PBXFileReference; fileEncoding = 4; lastKnownFileType = sourcecode.c.objc; path = AdColonyInstanceMediationSettings.m; sourceTree = "<group>"; };
		65DF3F90263CAEEA002D2746 /* AdColonyRewardedVideoCustomEvent.h */ = {isa = PBXFileReference; fileEncoding = 4; lastKnownFileType = sourcecode.c.h; path = AdColonyRewardedVideoCustomEvent.h; sourceTree = "<group>"; };
		65DF3F91263CAEEA002D2746 /* AdColonyInterstitialCustomEvent.m */ = {isa = PBXFileReference; fileEncoding = 4; lastKnownFileType = sourcecode.c.objc; path = AdColonyInterstitialCustomEvent.m; sourceTree = "<group>"; };
		65DF3F92263CAEEA002D2746 /* AdColonyBannerCustomEvent.m */ = {isa = PBXFileReference; fileEncoding = 4; lastKnownFileType = sourcecode.c.objc; path = AdColonyBannerCustomEvent.m; sourceTree = "<group>"; };
		65DF3F93263CAEEA002D2746 /* AdColonyGlobalMediationSettings.m */ = {isa = PBXFileReference; fileEncoding = 4; lastKnownFileType = sourcecode.c.objc; path = AdColonyGlobalMediationSettings.m; sourceTree = "<group>"; };
		65DF3F94263CAEEA002D2746 /* AdColonyAdapterConfiguration.h */ = {isa = PBXFileReference; fileEncoding = 4; lastKnownFileType = sourcecode.c.h; path = AdColonyAdapterConfiguration.h; sourceTree = "<group>"; };
		65DF3F96263CAEEA002D2746 /* MPGoogleAdMobBannerCustomEvent.h */ = {isa = PBXFileReference; fileEncoding = 4; lastKnownFileType = sourcecode.c.h; path = MPGoogleAdMobBannerCustomEvent.h; sourceTree = "<group>"; };
		65DF3F97263CAEEA002D2746 /* MPGoogleAdMobNativeAdAdapter.m */ = {isa = PBXFileReference; fileEncoding = 4; lastKnownFileType = sourcecode.c.objc; path = MPGoogleAdMobNativeAdAdapter.m; sourceTree = "<group>"; };
		65DF3F98263CAEEA002D2746 /* MPGoogleAdMobNativeCustomEvent.m */ = {isa = PBXFileReference; fileEncoding = 4; lastKnownFileType = sourcecode.c.objc; path = MPGoogleAdMobNativeCustomEvent.m; sourceTree = "<group>"; };
		65DF3F99263CAEEA002D2746 /* UIView+MPGoogleAdMobAdditions.h */ = {isa = PBXFileReference; fileEncoding = 4; lastKnownFileType = sourcecode.c.h; path = "UIView+MPGoogleAdMobAdditions.h"; sourceTree = "<group>"; };
		65DF3F9A263CAEEA002D2746 /* MPGoogleAdMobNativeRenderer.h */ = {isa = PBXFileReference; fileEncoding = 4; lastKnownFileType = sourcecode.c.h; path = MPGoogleAdMobNativeRenderer.h; sourceTree = "<group>"; };
		65DF3F9B263CAEEA002D2746 /* GoogleAdMobAdapterConfiguration.h */ = {isa = PBXFileReference; fileEncoding = 4; lastKnownFileType = sourcecode.c.h; path = GoogleAdMobAdapterConfiguration.h; sourceTree = "<group>"; };
		65DF3F9C263CAEEA002D2746 /* MPGoogleAdMobRewardedVideoCustomEvent.m */ = {isa = PBXFileReference; fileEncoding = 4; lastKnownFileType = sourcecode.c.objc; path = MPGoogleAdMobRewardedVideoCustomEvent.m; sourceTree = "<group>"; };
		65DF3F9D263CAEEA002D2746 /* MPGoogleGlobalMediationSettings.m */ = {isa = PBXFileReference; fileEncoding = 4; lastKnownFileType = sourcecode.c.objc; path = MPGoogleGlobalMediationSettings.m; sourceTree = "<group>"; };
		65DF3F9E263CAEEA002D2746 /* MPGoogleAdMobInterstitialCustomEvent.h */ = {isa = PBXFileReference; fileEncoding = 4; lastKnownFileType = sourcecode.c.h; path = MPGoogleAdMobInterstitialCustomEvent.h; sourceTree = "<group>"; };
		65DF3F9F263CAEEA002D2746 /* MPGoogleAdMobBannerCustomEvent.m */ = {isa = PBXFileReference; fileEncoding = 4; lastKnownFileType = sourcecode.c.objc; path = MPGoogleAdMobBannerCustomEvent.m; sourceTree = "<group>"; };
		65DF3FA0263CAEEA002D2746 /* MPGoogleAdMobNativeCustomEvent.h */ = {isa = PBXFileReference; fileEncoding = 4; lastKnownFileType = sourcecode.c.h; path = MPGoogleAdMobNativeCustomEvent.h; sourceTree = "<group>"; };
		65DF3FA1263CAEEA002D2746 /* MPGoogleAdMobNativeAdAdapter.h */ = {isa = PBXFileReference; fileEncoding = 4; lastKnownFileType = sourcecode.c.h; path = MPGoogleAdMobNativeAdAdapter.h; sourceTree = "<group>"; };
		65DF3FA2263CAEEA002D2746 /* GoogleAdMobAdapterConfiguration.m */ = {isa = PBXFileReference; fileEncoding = 4; lastKnownFileType = sourcecode.c.objc; path = GoogleAdMobAdapterConfiguration.m; sourceTree = "<group>"; };
		65DF3FA3263CAEEA002D2746 /* MPGoogleAdMobNativeRenderer.m */ = {isa = PBXFileReference; fileEncoding = 4; lastKnownFileType = sourcecode.c.objc; path = MPGoogleAdMobNativeRenderer.m; sourceTree = "<group>"; };
		65DF3FA4263CAEEA002D2746 /* UIView+MPGoogleAdMobAdditions.m */ = {isa = PBXFileReference; fileEncoding = 4; lastKnownFileType = sourcecode.c.objc; path = "UIView+MPGoogleAdMobAdditions.m"; sourceTree = "<group>"; };
		65DF3FA5263CAEEA002D2746 /* MPGoogleAdMobInterstitialCustomEvent.m */ = {isa = PBXFileReference; fileEncoding = 4; lastKnownFileType = sourcecode.c.objc; path = MPGoogleAdMobInterstitialCustomEvent.m; sourceTree = "<group>"; };
		65DF3FA6263CAEEA002D2746 /* MPGoogleGlobalMediationSettings.h */ = {isa = PBXFileReference; fileEncoding = 4; lastKnownFileType = sourcecode.c.h; path = MPGoogleGlobalMediationSettings.h; sourceTree = "<group>"; };
		65DF3FA7263CAEEA002D2746 /* MPGoogleAdMobRewardedVideoCustomEvent.h */ = {isa = PBXFileReference; fileEncoding = 4; lastKnownFileType = sourcecode.c.h; path = MPGoogleAdMobRewardedVideoCustomEvent.h; sourceTree = "<group>"; };
		65DF3FA9263CAEEA002D2746 /* FacebookAdapterConfiguration.h */ = {isa = PBXFileReference; fileEncoding = 4; lastKnownFileType = sourcecode.c.h; path = FacebookAdapterConfiguration.h; sourceTree = "<group>"; };
		65DF3FAA263CAEEA002D2746 /* FacebookNativeCustomEvent.m */ = {isa = PBXFileReference; fileEncoding = 4; lastKnownFileType = sourcecode.c.objc; path = FacebookNativeCustomEvent.m; sourceTree = "<group>"; };
		65DF3FAB263CAEEA002D2746 /* FacebookInterstitialCustomEvent.m */ = {isa = PBXFileReference; fileEncoding = 4; lastKnownFileType = sourcecode.c.objc; path = FacebookInterstitialCustomEvent.m; sourceTree = "<group>"; };
		65DF3FAC263CAEEA002D2746 /* FacebookBannerCustomEvent.h */ = {isa = PBXFileReference; fileEncoding = 4; lastKnownFileType = sourcecode.c.h; path = FacebookBannerCustomEvent.h; sourceTree = "<group>"; };
		65DF3FAD263CAEEA002D2746 /* FacebookRewardedVideoCustomEvent.m */ = {isa = PBXFileReference; fileEncoding = 4; lastKnownFileType = sourcecode.c.objc; path = FacebookRewardedVideoCustomEvent.m; sourceTree = "<group>"; };
		65DF3FAE263CAEEA002D2746 /* FacebookNativeAdAdapter.m */ = {isa = PBXFileReference; fileEncoding = 4; lastKnownFileType = sourcecode.c.objc; path = FacebookNativeAdAdapter.m; sourceTree = "<group>"; };
		65DF3FAF263CAEEA002D2746 /* FacebookNativeAdRenderer.h */ = {isa = PBXFileReference; fileEncoding = 4; lastKnownFileType = sourcecode.c.h; path = FacebookNativeAdRenderer.h; sourceTree = "<group>"; };
		65DF3FB0263CAEEA002D2746 /* FacebookInterstitialCustomEvent.h */ = {isa = PBXFileReference; fileEncoding = 4; lastKnownFileType = sourcecode.c.h; path = FacebookInterstitialCustomEvent.h; sourceTree = "<group>"; };
		65DF3FB1263CAEEA002D2746 /* FacebookNativeCustomEvent.h */ = {isa = PBXFileReference; fileEncoding = 4; lastKnownFileType = sourcecode.c.h; path = FacebookNativeCustomEvent.h; sourceTree = "<group>"; };
		65DF3FB2263CAEEA002D2746 /* FacebookAdapterConfiguration.m */ = {isa = PBXFileReference; fileEncoding = 4; lastKnownFileType = sourcecode.c.objc; path = FacebookAdapterConfiguration.m; sourceTree = "<group>"; };
		65DF3FB3263CAEEA002D2746 /* FacebookBannerCustomEvent.m */ = {isa = PBXFileReference; fileEncoding = 4; lastKnownFileType = sourcecode.c.objc; path = FacebookBannerCustomEvent.m; sourceTree = "<group>"; };
		65DF3FB4263CAEEA002D2746 /* FacebookNativeAdAdapter.h */ = {isa = PBXFileReference; fileEncoding = 4; lastKnownFileType = sourcecode.c.h; path = FacebookNativeAdAdapter.h; sourceTree = "<group>"; };
		65DF3FB5263CAEEA002D2746 /* FacebookRewardedVideoCustomEvent.h */ = {isa = PBXFileReference; fileEncoding = 4; lastKnownFileType = sourcecode.c.h; path = FacebookRewardedVideoCustomEvent.h; sourceTree = "<group>"; };
		65DF3FB6263CAEEA002D2746 /* FacebookNativeAdRenderer.m */ = {isa = PBXFileReference; fileEncoding = 4; lastKnownFileType = sourcecode.c.objc; path = FacebookNativeAdRenderer.m; sourceTree = "<group>"; };
		65F3CAE020535349009A3C86 /* PIXAdManagerDemo.app */ = {isa = PBXFileReference; explicitFileType = wrapper.application; includeInIndex = 0; path = PIXAdManagerDemo.app; sourceTree = BUILT_PRODUCTS_DIR; };
		65F3CAE320535349009A3C86 /* AppDelegate.h */ = {isa = PBXFileReference; lastKnownFileType = sourcecode.c.h; path = AppDelegate.h; sourceTree = "<group>"; };
		65F3CAE420535349009A3C86 /* AppDelegate.m */ = {isa = PBXFileReference; lastKnownFileType = sourcecode.c.objc; path = AppDelegate.m; sourceTree = "<group>"; };
		65F3CAE620535349009A3C86 /* ViewController.h */ = {isa = PBXFileReference; lastKnownFileType = sourcecode.c.h; path = ViewController.h; sourceTree = "<group>"; };
		65F3CAE720535349009A3C86 /* ViewController.m */ = {isa = PBXFileReference; lastKnownFileType = sourcecode.c.objc; path = ViewController.m; sourceTree = "<group>"; };
		65F3CAEA20535349009A3C86 /* Base */ = {isa = PBXFileReference; lastKnownFileType = file.storyboard; name = Base; path = Base.lproj/Main.storyboard; sourceTree = "<group>"; };
		65F3CAEC20535349009A3C86 /* Assets.xcassets */ = {isa = PBXFileReference; lastKnownFileType = folder.assetcatalog; path = Assets.xcassets; sourceTree = "<group>"; };
		65F3CAEF20535349009A3C86 /* Base */ = {isa = PBXFileReference; lastKnownFileType = file.storyboard; name = Base; path = Base.lproj/LaunchScreen.storyboard; sourceTree = "<group>"; };
		65F3CAF120535349009A3C86 /* Info.plist */ = {isa = PBXFileReference; lastKnownFileType = text.plist.xml; path = Info.plist; sourceTree = "<group>"; };
		65F3CAF220535349009A3C86 /* main.m */ = {isa = PBXFileReference; lastKnownFileType = sourcecode.c.objc; path = main.m; sourceTree = "<group>"; };
		65F3CAFA205353E9009A3C86 /* PIXAdManager.h */ = {isa = PBXFileReference; lastKnownFileType = sourcecode.c.h; path = PIXAdManager.h; sourceTree = "<group>"; };
		65F3CAFB205353E9009A3C86 /* PIXAdManager.m */ = {isa = PBXFileReference; lastKnownFileType = sourcecode.c.objc; path = PIXAdManager.m; sourceTree = "<group>"; };
/* End PBXFileReference section */

/* Begin PBXFrameworksBuildPhase section */
		65F3CADD20535349009A3C86 /* Frameworks */ = {
			isa = PBXFrameworksBuildPhase;
			buildActionMask = 2147483647;
			files = (
				6555E99D2778039F0015F1D5 /* AdColonyAdapter.xcframework in Frameworks */,
				65B2A8312778016400022C02 /* FBAudienceNetwork.xcframework in Frameworks */,
				65B2A81D2778015200022C02 /* MoPubSDK.xcframework in Frameworks */,
				65B2A82B2778015C00022C02 /* GoogleMobileAds.xcframework in Frameworks */,
				65B2A8292778015C00022C02 /* GoogleAppMeasurementIdentitySupport.xcframework in Frameworks */,
				65B2A8322778016400022C02 /* FBSDKCoreKit_Basics.xcframework in Frameworks */,
				65B2A82E2778015C00022C02 /* GoogleAppMeasurement.xcframework in Frameworks */,
				65B2A8282778015C00022C02 /* GoogleUtilities.xcframework in Frameworks */,
				65B2A8342778016E00022C02 /* AppLovinSDK.xcframework in Frameworks */,
				65B2A8362778018100022C02 /* AdColony.xcframework in Frameworks */,
				65B2A8272778015C00022C02 /* nanopb.xcframework in Frameworks */,
				65B2A82A2778015C00022C02 /* GoogleDataTransport.xcframework in Frameworks */,
				65B2A81E2778015200022C02 /* OMSDK_Mopub.xcframework in Frameworks */,
				65B2A82D2778015C00022C02 /* UserMessagingPlatform.xcframework in Frameworks */,
				6555E99B277803970015F1D5 /* FacebookAdapter.xcframework in Frameworks */,
				65B2A82C2778015C00022C02 /* PromisesObjC.xcframework in Frameworks */,
				6555E999277803900015F1D5 /* MoPubAdapter.xcframework in Frameworks */,
			);
			runOnlyForDeploymentPostprocessing = 0;
		};
/* End PBXFrameworksBuildPhase section */

/* Begin PBXGroup section */
		6552D33E2557189F00C71EA2 /* Internals */ = {
			isa = PBXGroup;
			children = (
				6552D3322556B19C00C71EA2 /* PIXAdManagerAdapter.h */,
			);
			path = Internals;
			sourceTree = "<group>";
		};
		6552D33F255718A600C71EA2 /* Adapters */ = {
			isa = PBXGroup;
			children = (
				6552D33A2556DA9F00C71EA2 /* PIXAdManagerAdapterMoPub.h */,
				6552D33B2556DA9F00C71EA2 /* PIXAdManagerAdapterMoPub.m */,
				651ADA8F255AED1C005E2D91 /* PIXAdManagerAdapterAdMob.h */,
				651ADA90255AED1C005E2D91 /* PIXAdManagerAdapterAdMob.m */,
				65AA415B27780AB1002FB69C /* PIXAdManagerAdapterAppLovin.h */,
				65AA415C27780AB1002FB69C /* PIXAdManagerAdapterAppLovin.m */,
			);
			path = Adapters;
			sourceTree = "<group>";
		};
		65AA413727780773002FB69C /* AdNetworkSDKs */ = {
			isa = PBXGroup;
			children = (
				65AA413B27780773002FB69C /* AppLovin */,
			);
			path = AdNetworkSDKs;
			sourceTree = "<group>";
		};
		65AA413B27780773002FB69C /* AppLovin */ = {
			isa = PBXGroup;
			children = (
				65AA413D27780773002FB69C /* AppLovinSDKResources.bundle */,
			);
			path = AppLovin;
			sourceTree = "<group>";
		};
		65DF3F84263CAEEA002D2746 /* PIXAdManagerLibs */ = {
			isa = PBXGroup;
			children = (
				65AA413727780773002FB69C /* AdNetworkSDKs */,
				65DF3F85263CAEEA002D2746 /* MediationAdaptersMoPub */,
			);
			path = PIXAdManagerLibs;
			sourceTree = "<group>";
		};
		65DF3F85263CAEEA002D2746 /* MediationAdaptersMoPub */ = {
			isa = PBXGroup;
			children = (
				65DF3F86263CAEEA002D2746 /* AdColony */,
				65DF3F95263CAEEA002D2746 /* AdMob */,
				65DF3FA8263CAEEA002D2746 /* FacebookAudienceNetwork */,
			);
			path = MediationAdaptersMoPub;
			sourceTree = "<group>";
		};
		65DF3F86263CAEEA002D2746 /* AdColony */ = {
			isa = PBXGroup;
			children = (
				65DF3F87263CAEEA002D2746 /* AdColonyController.m */,
				65DF3F88263CAEEA002D2746 /* AdColonyInterstitialCustomEvent.h */,
				65DF3F89263CAEEA002D2746 /* AdColonyRewardedVideoCustomEvent.m */,
				65DF3F8A263CAEEA002D2746 /* AdColonyInstanceMediationSettings.h */,
				65DF3F8B263CAEEA002D2746 /* AdColonyAdapterConfiguration.m */,
				65DF3F8C263CAEEA002D2746 /* AdColonyGlobalMediationSettings.h */,
				65DF3F8D263CAEEA002D2746 /* AdColonyBannerCustomEvent.h */,
				65DF3F8E263CAEEA002D2746 /* AdColonyController.h */,
				65DF3F8F263CAEEA002D2746 /* AdColonyInstanceMediationSettings.m */,
				65DF3F90263CAEEA002D2746 /* AdColonyRewardedVideoCustomEvent.h */,
				65DF3F91263CAEEA002D2746 /* AdColonyInterstitialCustomEvent.m */,
				65DF3F92263CAEEA002D2746 /* AdColonyBannerCustomEvent.m */,
				65DF3F93263CAEEA002D2746 /* AdColonyGlobalMediationSettings.m */,
				65DF3F94263CAEEA002D2746 /* AdColonyAdapterConfiguration.h */,
			);
			path = AdColony;
			sourceTree = "<group>";
		};
		65DF3F95263CAEEA002D2746 /* AdMob */ = {
			isa = PBXGroup;
			children = (
				65DF3F96263CAEEA002D2746 /* MPGoogleAdMobBannerCustomEvent.h */,
				65DF3F97263CAEEA002D2746 /* MPGoogleAdMobNativeAdAdapter.m */,
				65DF3F98263CAEEA002D2746 /* MPGoogleAdMobNativeCustomEvent.m */,
				65DF3F99263CAEEA002D2746 /* UIView+MPGoogleAdMobAdditions.h */,
				65DF3F9A263CAEEA002D2746 /* MPGoogleAdMobNativeRenderer.h */,
				65DF3F9B263CAEEA002D2746 /* GoogleAdMobAdapterConfiguration.h */,
				65DF3F9C263CAEEA002D2746 /* MPGoogleAdMobRewardedVideoCustomEvent.m */,
				65DF3F9D263CAEEA002D2746 /* MPGoogleGlobalMediationSettings.m */,
				65DF3F9E263CAEEA002D2746 /* MPGoogleAdMobInterstitialCustomEvent.h */,
				65DF3F9F263CAEEA002D2746 /* MPGoogleAdMobBannerCustomEvent.m */,
				65DF3FA0263CAEEA002D2746 /* MPGoogleAdMobNativeCustomEvent.h */,
				65DF3FA1263CAEEA002D2746 /* MPGoogleAdMobNativeAdAdapter.h */,
				65DF3FA2263CAEEA002D2746 /* GoogleAdMobAdapterConfiguration.m */,
				65DF3FA3263CAEEA002D2746 /* MPGoogleAdMobNativeRenderer.m */,
				65DF3FA4263CAEEA002D2746 /* UIView+MPGoogleAdMobAdditions.m */,
				65DF3FA5263CAEEA002D2746 /* MPGoogleAdMobInterstitialCustomEvent.m */,
				65DF3FA6263CAEEA002D2746 /* MPGoogleGlobalMediationSettings.h */,
				65DF3FA7263CAEEA002D2746 /* MPGoogleAdMobRewardedVideoCustomEvent.h */,
			);
			path = AdMob;
			sourceTree = "<group>";
		};
		65DF3FA8263CAEEA002D2746 /* FacebookAudienceNetwork */ = {
			isa = PBXGroup;
			children = (
				65DF3FA9263CAEEA002D2746 /* FacebookAdapterConfiguration.h */,
				65DF3FAA263CAEEA002D2746 /* FacebookNativeCustomEvent.m */,
				65DF3FAB263CAEEA002D2746 /* FacebookInterstitialCustomEvent.m */,
				65DF3FAC263CAEEA002D2746 /* FacebookBannerCustomEvent.h */,
				65DF3FAD263CAEEA002D2746 /* FacebookRewardedVideoCustomEvent.m */,
				65DF3FAE263CAEEA002D2746 /* FacebookNativeAdAdapter.m */,
				65DF3FAF263CAEEA002D2746 /* FacebookNativeAdRenderer.h */,
				65DF3FB0263CAEEA002D2746 /* FacebookInterstitialCustomEvent.h */,
				65DF3FB1263CAEEA002D2746 /* FacebookNativeCustomEvent.h */,
				65DF3FB2263CAEEA002D2746 /* FacebookAdapterConfiguration.m */,
				65DF3FB3263CAEEA002D2746 /* FacebookBannerCustomEvent.m */,
				65DF3FB4263CAEEA002D2746 /* FacebookNativeAdAdapter.h */,
				65DF3FB5263CAEEA002D2746 /* FacebookRewardedVideoCustomEvent.h */,
				65DF3FB6263CAEEA002D2746 /* FacebookNativeAdRenderer.m */,
			);
			path = FacebookAudienceNetwork;
			sourceTree = "<group>";
		};
		65DF3FE7263CB086002D2746 /* Frameworks */ = {
			isa = PBXGroup;
			children = (
				65B2A8352778018100022C02 /* AdColony.xcframework */,
				6555E99C2778039F0015F1D5 /* AdColonyAdapter.xcframework */,
				65B2A8332778016E00022C02 /* AppLovinSDK.xcframework */,
				6555E99A277803970015F1D5 /* FacebookAdapter.xcframework */,
				65B2A82F2778016400022C02 /* FBAudienceNetwork.xcframework */,
				65B2A8302778016400022C02 /* FBSDKCoreKit_Basics.xcframework */,
				65B2A8262778015C00022C02 /* GoogleAppMeasurement.xcframework */,
				65B2A8212778015C00022C02 /* GoogleAppMeasurementIdentitySupport.xcframework */,
				65B2A8222778015C00022C02 /* GoogleDataTransport.xcframework */,
				65B2A8232778015C00022C02 /* GoogleMobileAds.xcframework */,
				65B2A8202778015C00022C02 /* GoogleUtilities.xcframework */,
				6555E998277803900015F1D5 /* MoPubAdapter.xcframework */,
				65B2A81B2778015200022C02 /* MoPubSDK.xcframework */,
				65B2A81F2778015C00022C02 /* nanopb.xcframework */,
				65B2A81C2778015200022C02 /* OMSDK_Mopub.xcframework */,
				65B2A8242778015C00022C02 /* PromisesObjC.xcframework */,
				65B2A8252778015C00022C02 /* UserMessagingPlatform.xcframework */,
			);
			name = Frameworks;
			sourceTree = "<group>";
		};
		65F3CAD720535349009A3C86 = {
			isa = PBXGroup;
			children = (
				65F3CAF92053538F009A3C86 /* PIXAdManager */,
				65F3CAE220535349009A3C86 /* PIXAdManagerDemo */,
				65F3CAE120535349009A3C86 /* Products */,
				65DF3FE7263CB086002D2746 /* Frameworks */,
			);
			sourceTree = "<group>";
		};
		65F3CAE120535349009A3C86 /* Products */ = {
			isa = PBXGroup;
			children = (
				65F3CAE020535349009A3C86 /* PIXAdManagerDemo.app */,
			);
			name = Products;
			sourceTree = "<group>";
		};
		65F3CAE220535349009A3C86 /* PIXAdManagerDemo */ = {
			isa = PBXGroup;
			children = (
				65DF3F84263CAEEA002D2746 /* PIXAdManagerLibs */,
				65F3CAE320535349009A3C86 /* AppDelegate.h */,
				65F3CAE420535349009A3C86 /* AppDelegate.m */,
				65F3CAE620535349009A3C86 /* ViewController.h */,
				65F3CAE720535349009A3C86 /* ViewController.m */,
				65376AF9268888E50020F73C /* FirstViewController.h */,
				65376AFA268888E50020F73C /* FirstViewController.m */,
				65F3CAE920535349009A3C86 /* Main.storyboard */,
				65F3CAEE20535349009A3C86 /* LaunchScreen.storyboard */,
				65F3CAF220535349009A3C86 /* main.m */,
				65F3CAF120535349009A3C86 /* Info.plist */,
				65F3CAEC20535349009A3C86 /* Assets.xcassets */,
			);
			path = PIXAdManagerDemo;
			sourceTree = "<group>";
		};
		65F3CAF92053538F009A3C86 /* PIXAdManager */ = {
			isa = PBXGroup;
			children = (
				6552D33F255718A600C71EA2 /* Adapters */,
				6552D33E2557189F00C71EA2 /* Internals */,
				65F3CAFA205353E9009A3C86 /* PIXAdManager.h */,
				65F3CAFB205353E9009A3C86 /* PIXAdManager.m */,
			);
			name = PIXAdManager;
			path = ../PIXAdManager;
			sourceTree = "<group>";
		};
/* End PBXGroup section */

/* Begin PBXNativeTarget section */
		65F3CADF20535349009A3C86 /* PIXAdManagerDemo */ = {
			isa = PBXNativeTarget;
			buildConfigurationList = 65F3CAF620535349009A3C86 /* Build configuration list for PBXNativeTarget "PIXAdManagerDemo" */;
			buildPhases = (
				65F3CADC20535349009A3C86 /* Sources */,
				65F3CADD20535349009A3C86 /* Frameworks */,
				65F3CADE20535349009A3C86 /* Resources */,
				65DF3FFE263CB0B8002D2746 /* Embed Frameworks */,
			);
			buildRules = (
			);
			dependencies = (
			);
			name = PIXAdManagerDemo;
			productName = PIXAdManagerDemo;
			productReference = 65F3CAE020535349009A3C86 /* PIXAdManagerDemo.app */;
			productType = "com.apple.product-type.application";
		};
/* End PBXNativeTarget section */

/* Begin PBXProject section */
		65F3CAD820535349009A3C86 /* Project object */ = {
			isa = PBXProject;
			attributes = {
				LastUpgradeCheck = 1250;
				ORGANIZATIONNAME = "Andrea Ottolina";
				TargetAttributes = {
					65F3CADF20535349009A3C86 = {
						CreatedOnToolsVersion = 9.2;
						ProvisioningStyle = Automatic;
					};
				};
			};
			buildConfigurationList = 65F3CADB20535349009A3C86 /* Build configuration list for PBXProject "PIXAdManagerDemo" */;
			compatibilityVersion = "Xcode 8.0";
			developmentRegion = en;
			hasScannedForEncodings = 0;
			knownRegions = (
				en,
				Base,
			);
			mainGroup = 65F3CAD720535349009A3C86;
			productRefGroup = 65F3CAE120535349009A3C86 /* Products */;
			projectDirPath = "";
			projectRoot = "";
			targets = (
				65F3CADF20535349009A3C86 /* PIXAdManagerDemo */,
			);
		};
/* End PBXProject section */

/* Begin PBXResourcesBuildPhase section */
		65F3CADE20535349009A3C86 /* Resources */ = {
			isa = PBXResourcesBuildPhase;
			buildActionMask = 2147483647;
			files = (
				65F3CAF020535349009A3C86 /* LaunchScreen.storyboard in Resources */,
				65AA414F27780774002FB69C /* AppLovinSDKResources.bundle in Resources */,
				65F3CAED20535349009A3C86 /* Assets.xcassets in Resources */,
				65F3CAEB20535349009A3C86 /* Main.storyboard in Resources */,
			);
			runOnlyForDeploymentPostprocessing = 0;
		};
/* End PBXResourcesBuildPhase section */

/* Begin PBXSourcesBuildPhase section */
		65F3CADC20535349009A3C86 /* Sources */ = {
			isa = PBXSourcesBuildPhase;
			buildActionMask = 2147483647;
			files = (
				65DF3FC9263CAEEA002D2746 /* AdColonyRewardedVideoCustomEvent.m in Sources */,
				65DF3FDA263CAEEA002D2746 /* FacebookRewardedVideoCustomEvent.m in Sources */,
				65DF3FD1263CAEEA002D2746 /* MPGoogleAdMobRewardedVideoCustomEvent.m in Sources */,
				65DF3FDD263CAEEA002D2746 /* FacebookBannerCustomEvent.m in Sources */,
				65DF3FDB263CAEEA002D2746 /* FacebookNativeAdAdapter.m in Sources */,
				65DF3FDC263CAEEA002D2746 /* FacebookAdapterConfiguration.m in Sources */,
				6552D33C2556DA9F00C71EA2 /* PIXAdManagerAdapterMoPub.m in Sources */,
				65376AFB268888E50020F73C /* FirstViewController.m in Sources */,
				65DF3FD4263CAEEA002D2746 /* GoogleAdMobAdapterConfiguration.m in Sources */,
				65DF3FD8263CAEEA002D2746 /* FacebookNativeCustomEvent.m in Sources */,
				65DF3FCD263CAEEA002D2746 /* AdColonyBannerCustomEvent.m in Sources */,
				65F3CAE820535349009A3C86 /* ViewController.m in Sources */,
				65DF3FCA263CAEEA002D2746 /* AdColonyAdapterConfiguration.m in Sources */,
				65DF3FD5263CAEEA002D2746 /* MPGoogleAdMobNativeRenderer.m in Sources */,
				65DF3FCC263CAEEA002D2746 /* AdColonyInterstitialCustomEvent.m in Sources */,
				65DF3FD2263CAEEA002D2746 /* MPGoogleGlobalMediationSettings.m in Sources */,
				65DF3FD3263CAEEA002D2746 /* MPGoogleAdMobBannerCustomEvent.m in Sources */,
				65DF3FD7263CAEEA002D2746 /* MPGoogleAdMobInterstitialCustomEvent.m in Sources */,
				65DF3FD9263CAEEA002D2746 /* FacebookInterstitialCustomEvent.m in Sources */,
				65F3CAF320535349009A3C86 /* main.m in Sources */,
				65DF3FDE263CAEEA002D2746 /* FacebookNativeAdRenderer.m in Sources */,
				65DF3FD0263CAEEA002D2746 /* MPGoogleAdMobNativeCustomEvent.m in Sources */,
				651ADA91255AED1C005E2D91 /* PIXAdManagerAdapterAdMob.m in Sources */,
				65F3CAFC205353E9009A3C86 /* PIXAdManager.m in Sources */,
				65F3CAE520535349009A3C86 /* AppDelegate.m in Sources */,
				65DF3FC8263CAEEA002D2746 /* AdColonyController.m in Sources */,
				65AA415D27780AB1002FB69C /* PIXAdManagerAdapterAppLovin.m in Sources */,
				65DF3FCF263CAEEA002D2746 /* MPGoogleAdMobNativeAdAdapter.m in Sources */,
				65DF3FCB263CAEEA002D2746 /* AdColonyInstanceMediationSettings.m in Sources */,
				65DF3FCE263CAEEA002D2746 /* AdColonyGlobalMediationSettings.m in Sources */,
				65DF3FD6263CAEEA002D2746 /* UIView+MPGoogleAdMobAdditions.m in Sources */,
			);
			runOnlyForDeploymentPostprocessing = 0;
		};
/* End PBXSourcesBuildPhase section */

/* Begin PBXVariantGroup section */
		65F3CAE920535349009A3C86 /* Main.storyboard */ = {
			isa = PBXVariantGroup;
			children = (
				65F3CAEA20535349009A3C86 /* Base */,
			);
			name = Main.storyboard;
			sourceTree = "<group>";
		};
		65F3CAEE20535349009A3C86 /* LaunchScreen.storyboard */ = {
			isa = PBXVariantGroup;
			children = (
				65F3CAEF20535349009A3C86 /* Base */,
			);
			name = LaunchScreen.storyboard;
			sourceTree = "<group>";
		};
/* End PBXVariantGroup section */

/* Begin XCBuildConfiguration section */
		65F3CAF420535349009A3C86 /* Debug */ = {
			isa = XCBuildConfiguration;
			buildSettings = {
				ALWAYS_SEARCH_USER_PATHS = NO;
				CLANG_ANALYZER_NONNULL = YES;
				CLANG_ANALYZER_NUMBER_OBJECT_CONVERSION = YES_AGGRESSIVE;
				CLANG_CXX_LANGUAGE_STANDARD = "gnu++14";
				CLANG_CXX_LIBRARY = "libc++";
				CLANG_ENABLE_MODULES = YES;
				CLANG_ENABLE_OBJC_ARC = YES;
				CLANG_WARN_BLOCK_CAPTURE_AUTORELEASING = YES;
				CLANG_WARN_BOOL_CONVERSION = YES;
				CLANG_WARN_COMMA = YES;
				CLANG_WARN_CONSTANT_CONVERSION = YES;
				CLANG_WARN_DEPRECATED_OBJC_IMPLEMENTATIONS = YES;
				CLANG_WARN_DIRECT_OBJC_ISA_USAGE = YES_ERROR;
				CLANG_WARN_DOCUMENTATION_COMMENTS = YES;
				CLANG_WARN_EMPTY_BODY = YES;
				CLANG_WARN_ENUM_CONVERSION = YES;
				CLANG_WARN_INFINITE_RECURSION = YES;
				CLANG_WARN_INT_CONVERSION = YES;
				CLANG_WARN_NON_LITERAL_NULL_CONVERSION = YES;
				CLANG_WARN_OBJC_IMPLICIT_RETAIN_SELF = YES;
				CLANG_WARN_OBJC_LITERAL_CONVERSION = YES;
				CLANG_WARN_OBJC_ROOT_CLASS = YES_ERROR;
				CLANG_WARN_RANGE_LOOP_ANALYSIS = YES;
				CLANG_WARN_STRICT_PROTOTYPES = YES;
				CLANG_WARN_SUSPICIOUS_MOVE = YES;
				CLANG_WARN_UNGUARDED_AVAILABILITY = YES_AGGRESSIVE;
				CLANG_WARN_UNREACHABLE_CODE = YES;
				CLANG_WARN__DUPLICATE_METHOD_MATCH = YES;
				CODE_SIGN_IDENTITY = "iPhone Developer";
				COPY_PHASE_STRIP = NO;
				DEBUG_INFORMATION_FORMAT = dwarf;
				ENABLE_STRICT_OBJC_MSGSEND = YES;
				ENABLE_TESTABILITY = YES;
				GCC_C_LANGUAGE_STANDARD = gnu11;
				GCC_DYNAMIC_NO_PIC = NO;
				GCC_NO_COMMON_BLOCKS = YES;
				GCC_OPTIMIZATION_LEVEL = 0;
				GCC_PREPROCESSOR_DEFINITIONS = (
					"DEBUG=1",
					"$(inherited)",
				);
				GCC_WARN_64_TO_32_BIT_CONVERSION = YES;
				GCC_WARN_ABOUT_RETURN_TYPE = YES_ERROR;
				GCC_WARN_UNDECLARED_SELECTOR = YES;
				GCC_WARN_UNINITIALIZED_AUTOS = YES_AGGRESSIVE;
				GCC_WARN_UNUSED_FUNCTION = YES;
				GCC_WARN_UNUSED_VARIABLE = YES;
				IPHONEOS_DEPLOYMENT_TARGET = 10.0;
				MTL_ENABLE_DEBUG_INFO = YES;
				ONLY_ACTIVE_ARCH = YES;
				SDKROOT = iphoneos;
			};
			name = Debug;
		};
		65F3CAF520535349009A3C86 /* Release */ = {
			isa = XCBuildConfiguration;
			buildSettings = {
				ALWAYS_SEARCH_USER_PATHS = NO;
				CLANG_ANALYZER_NONNULL = YES;
				CLANG_ANALYZER_NUMBER_OBJECT_CONVERSION = YES_AGGRESSIVE;
				CLANG_CXX_LANGUAGE_STANDARD = "gnu++14";
				CLANG_CXX_LIBRARY = "libc++";
				CLANG_ENABLE_MODULES = YES;
				CLANG_ENABLE_OBJC_ARC = YES;
				CLANG_WARN_BLOCK_CAPTURE_AUTORELEASING = YES;
				CLANG_WARN_BOOL_CONVERSION = YES;
				CLANG_WARN_COMMA = YES;
				CLANG_WARN_CONSTANT_CONVERSION = YES;
				CLANG_WARN_DEPRECATED_OBJC_IMPLEMENTATIONS = YES;
				CLANG_WARN_DIRECT_OBJC_ISA_USAGE = YES_ERROR;
				CLANG_WARN_DOCUMENTATION_COMMENTS = YES;
				CLANG_WARN_EMPTY_BODY = YES;
				CLANG_WARN_ENUM_CONVERSION = YES;
				CLANG_WARN_INFINITE_RECURSION = YES;
				CLANG_WARN_INT_CONVERSION = YES;
				CLANG_WARN_NON_LITERAL_NULL_CONVERSION = YES;
				CLANG_WARN_OBJC_IMPLICIT_RETAIN_SELF = YES;
				CLANG_WARN_OBJC_LITERAL_CONVERSION = YES;
				CLANG_WARN_OBJC_ROOT_CLASS = YES_ERROR;
				CLANG_WARN_RANGE_LOOP_ANALYSIS = YES;
				CLANG_WARN_STRICT_PROTOTYPES = YES;
				CLANG_WARN_SUSPICIOUS_MOVE = YES;
				CLANG_WARN_UNGUARDED_AVAILABILITY = YES_AGGRESSIVE;
				CLANG_WARN_UNREACHABLE_CODE = YES;
				CLANG_WARN__DUPLICATE_METHOD_MATCH = YES;
				CODE_SIGN_IDENTITY = "iPhone Developer";
				COPY_PHASE_STRIP = NO;
				DEBUG_INFORMATION_FORMAT = "dwarf-with-dsym";
				ENABLE_NS_ASSERTIONS = NO;
				ENABLE_STRICT_OBJC_MSGSEND = YES;
				GCC_C_LANGUAGE_STANDARD = gnu11;
				GCC_NO_COMMON_BLOCKS = YES;
				GCC_WARN_64_TO_32_BIT_CONVERSION = YES;
				GCC_WARN_ABOUT_RETURN_TYPE = YES_ERROR;
				GCC_WARN_UNDECLARED_SELECTOR = YES;
				GCC_WARN_UNINITIALIZED_AUTOS = YES_AGGRESSIVE;
				GCC_WARN_UNUSED_FUNCTION = YES;
				GCC_WARN_UNUSED_VARIABLE = YES;
				IPHONEOS_DEPLOYMENT_TARGET = 10.0;
				MTL_ENABLE_DEBUG_INFO = NO;
				SDKROOT = iphoneos;
				VALIDATE_PRODUCT = YES;
			};
			name = Release;
		};
		65F3CAF720535349009A3C86 /* Debug */ = {
			isa = XCBuildConfiguration;
			buildSettings = {
				ASSETCATALOG_COMPILER_APPICON_NAME = AppIcon;
				CODE_SIGN_STYLE = Automatic;
				DEVELOPMENT_TEAM = ELKHK2CJM9;
				FRAMEWORK_SEARCH_PATHS = (
					"$(inherited)",
					"$(PROJECT_DIR)/PIXAdManagerDemo/PIXAdManagerLibs/AdNetworkSDKs/AdColony",
					"$(PROJECT_DIR)/PIXAdManagerDemo/PIXAdManagerLibs/AdNetworkSDKs/FacebookAudienceNetwork",
					"$(PROJECT_DIR)/PIXAdManagerDemo/PIXAdManagerLibs/MediationAdaptersAdMob/AdColony",
					"$(PROJECT_DIR)",
					"$(PROJECT_DIR)/PIXAdManagerDemo/PIXAdManagerLibs/MediationAdaptersAdMob/FacebookAudienceNetwork",
				);
				INFOPLIST_FILE = PIXAdManagerDemo/Info.plist;
				LD_RUNPATH_SEARCH_PATHS = (
					"$(inherited)",
					"@executable_path/Frameworks",
				);
				LIBRARY_SEARCH_PATHS = "$(inherited)";
				OTHER_LDFLAGS = "-ObjC";
				PRODUCT_BUNDLE_IDENTIFIER = com.pixelinlove.PIXAdManagerDemo;
				PRODUCT_NAME = "$(TARGET_NAME)";
				TARGETED_DEVICE_FAMILY = "1,2";
			};
			name = Debug;
		};
		65F3CAF820535349009A3C86 /* Release */ = {
			isa = XCBuildConfiguration;
			buildSettings = {
				ASSETCATALOG_COMPILER_APPICON_NAME = AppIcon;
				CODE_SIGN_STYLE = Automatic;
				DEVELOPMENT_TEAM = ELKHK2CJM9;
				FRAMEWORK_SEARCH_PATHS = (
					"$(inherited)",
					"$(PROJECT_DIR)/PIXAdManagerDemo/PIXAdManagerLibs/AdNetworkSDKs/AdColony",
					"$(PROJECT_DIR)/PIXAdManagerDemo/PIXAdManagerLibs/AdNetworkSDKs/FacebookAudienceNetwork",
					"$(PROJECT_DIR)/PIXAdManagerDemo/PIXAdManagerLibs/MediationAdaptersAdMob/AdColony",
					"$(PROJECT_DIR)",
					"$(PROJECT_DIR)/PIXAdManagerDemo/PIXAdManagerLibs/MediationAdaptersAdMob/FacebookAudienceNetwork",
				);
				INFOPLIST_FILE = PIXAdManagerDemo/Info.plist;
				LD_RUNPATH_SEARCH_PATHS = (
					"$(inherited)",
					"@executable_path/Frameworks",
				);
				LIBRARY_SEARCH_PATHS = "$(inherited)";
				OTHER_LDFLAGS = "-ObjC";
				PRODUCT_BUNDLE_IDENTIFIER = com.pixelinlove.PIXAdManagerDemo;
				PRODUCT_NAME = "$(TARGET_NAME)";
				TARGETED_DEVICE_FAMILY = "1,2";
			};
			name = Release;
		};
/* End XCBuildConfiguration section */

/* Begin XCConfigurationList section */
		65F3CADB20535349009A3C86 /* Build configuration list for PBXProject "PIXAdManagerDemo" */ = {
			isa = XCConfigurationList;
			buildConfigurations = (
				65F3CAF420535349009A3C86 /* Debug */,
				65F3CAF520535349009A3C86 /* Release */,
			);
			defaultConfigurationIsVisible = 0;
			defaultConfigurationName = Release;
		};
		65F3CAF620535349009A3C86 /* Build configuration list for PBXNativeTarget "PIXAdManagerDemo" */ = {
			isa = XCConfigurationList;
			buildConfigurations = (
				65F3CAF720535349009A3C86 /* Debug */,
				65F3CAF820535349009A3C86 /* Release */,
			);
			defaultConfigurationIsVisible = 0;
			defaultConfigurationName = Release;
		};
/* End XCConfigurationList section */
	};
	rootObject = 65F3CAD820535349009A3C86 /* Project object */;
}
