PODS:
  - AppLovinMediationFacebookAdapter (6.15.0.0):
    - AppLovinSDK
    - FBAudienceNetwork (= 6.15.0)
  - AppLovinMediationFyberAdapter (8.2.8.0):
    - AppLovinSDK
    - Fyber_Marketplace_SDK (= 8.2.8)
  - AppLovinMediationGoogleAdapter (11.3.0.0):
    - AppLovinSDK
    - Google-Mobile-Ads-SDK (= 11.3.0)
  - AppLovinMediationUnityAdsAdapter (4.10.0.0):
    - AppLovinSDK
    - UnityAds (= 4.10.0)
  - AppLovinSDK (12.4.1)
  - FBAudienceNetwork (6.15.0)
  - Fyber_Marketplace_SDK (8.2.8)
  - Google-Mobile-Ads-SDK (11.3.0):
    - GoogleUserMessagingPlatform (>= 1.1)
  - GoogleMobileAdsMediationAppLovin (12.4.1.0):
    - AppLovinSDK (= 12.4.1)
    - Google-Mobile-Ads-SDK (~> 11.0)
  - GoogleMobileAdsMediationFacebook (6.15.0.0):
    - FBAudienceNetwork (= 6.15.0)
    - Google-Mobile-Ads-SDK (~> 11.0)
  - GoogleMobileAdsMediationFyber (8.2.8.0):
    - Fyber_Marketplace_SDK (= 8.2.8)
    - Google-Mobile-Ads-SDK (~> 11.0)
  - GoogleMobileAdsMediationUnity (4.10.0.0):
    - Google-Mobile-Ads-SDK (~> 11.0)
    - UnityAds (= 4.10.0)
  - GoogleUserMessagingPlatform (2.4.0)
  - UnityAds (4.10.0)

DEPENDENCIES:
  - AppLovinMediationFacebookAdapter (~> 6)
  - AppLovinMediationFyberAdapter (~> 8)
  - AppLovinMediationGoogleAdapter (~> 11)
  - AppLovinMediationUnityAdsAdapter (~> 4)
  - AppLovinSDK (~> 12)
  - FBAudienceNetwork (~> 6)
  - Fyber_Marketplace_SDK (~> 8)
  - Google-Mobile-Ads-SDK (~> 11)
  - GoogleMobileAdsMediationAppLovin (~> 12)
  - GoogleMobileAdsMediationFacebook (~> 6)
  - GoogleMobileAdsMediationFyber (~> 8)
  - GoogleMobileAdsMediationUnity (~> 4)
  - UnityAds (~> 4)

SPEC REPOS:
  trunk:
    - AppLovinMediationFacebookAdapter
    - AppLovinMediationFyberAdapter
    - AppLovinMediationGoogleAdapter
    - AppLovinMediationUnityAdsAdapter
    - AppLovinSDK
    - FBAudienceNetwork
    - Fyber_Marketplace_SDK
    - Google-Mobile-Ads-SDK
    - GoogleMobileAdsMediationAppLovin
    - GoogleMobileAdsMediationFacebook
    - GoogleMobileAdsMediationFyber
    - GoogleMobileAdsMediationUnity
    - GoogleUserMessagingPlatform
    - UnityAds

SPEC CHECKSUMS:
  AppLovinMediationFacebookAdapter: 30ddfcb09c1c9ff6778ba974f58e8f3204e6eebc
  AppLovinMediationFyberAdapter: 068792cae6c9e088870dda003f3122f6018d4f22
  AppLovinMediationGoogleAdapter: de91629d439394cf970e7cc865c9736815b1c16a
  AppLovinMediationUnityAdsAdapter: d6d5bf488adce05684bf00e0845af49a96a1aadd
  AppLovinSDK: c57ad0d34625c971d2db127f8ef60570b28ff51a
  FBAudienceNetwork: 80a035aa69cc3a71c99e44cb5c2874e4cef9909f
  Fyber_Marketplace_SDK: 50fb9e3077ddbd99e3da08dfcaab60df689ac106
  Google-Mobile-Ads-SDK: 301a16c461c331ba34ff4dab40a22ab7c147af61
  GoogleMobileAdsMediationAppLovin: bec02fea799187f82edb151c227bc0723953d15c
  GoogleMobileAdsMediationFacebook: 26dec5611c04af55eba3dd16c564bafa8ebd7131
  GoogleMobileAdsMediationFyber: b87054f0cc1b42e6d31db6f6b62a5143d2a52b88
  GoogleMobileAdsMediationUnity: 144474b1e19b3b4a8b60cf3da8f0d9ca25d83597
  GoogleUserMessagingPlatform: f131fa7978d2ba88d7426702b057c2cc318e6595
  UnityAds: 5601f6397b0e02ed3ed6ee92827f5177a523aab6

PODFILE CHECKSUM: 8139b85752beea673aed6f8f0af93ff2a92ff3d3

COCOAPODS: 1.15.2
